{
  "name": "@nicholasjacob90/multiagente-consensual",
  "version": "1.10.0",
  "lockfileVersion": 3,
  "requires": true,
  "packages": {
    "": {
      "name": "@nicholasjacob90/multiagente-consensual",
      "version": "1.10.0",
      "license": "UNLICENSED",
      "os": [
        "darwin",
        "linux"
      ],
      "bin": {
        "multiagente-consensual": "npm/cli.mjs"
      },
      "engines": {
        "node": ">=18"
      }
    }
  }
}
